
Microsoft Visual Studio Solution File, Format Version 12.00
# Visual Studio 15
Project("{D954291E-2A0B-460D-934E-DC6B0785DB48}") = "HideShowPassword.Shared", "HideShowPassword.Shared\HideShowPassword.Shared.shproj", "{00D7A532-27FF-4E62-A27A-71433FDCEC48}"
EndProject
Project("{FAE04EC0-301F-11D3-BF4B-00C04F79EFBC}") = "HideShowPassword.iOS", "HideShowPassword.iOS\HideShowPassword.iOS.csproj", "{0929FB13-D7C2-42B6-9F9F-D307EE900427}"
EndProject
Project("{5DD5E4FA-CB73-4610-85AB-557B54E96AA9}") = "HideShowPassword.NuGet", "HideShowPassword.NuGet\HideShowPassword.NuGet.nuproj", "{A4B7C6D9-87E2-4244-8327-F0290FF3CA6B}"
EndProject
Global
	GlobalSection(SolutionConfigurationPlatforms) = preSolution
		Debug|Any CPU = Debug|Any CPU
		Release|Any CPU = Release|Any CPU
	EndGlobalSection
	GlobalSection(ProjectConfigurationPlatforms) = postSolution
		{0929FB13-D7C2-42B6-9F9F-D307EE900427}.Debug|Any CPU.ActiveCfg = Debug|Any CPU
		{0929FB13-D7C2-42B6-9F9F-D307EE900427}.Debug|Any CPU.Build.0 = Debug|Any CPU
		{0929FB13-D7C2-42B6-9F9F-D307EE900427}.Release|Any CPU.ActiveCfg = Release|Any CPU
		{0929FB13-D7C2-42B6-9F9F-D307EE900427}.Release|Any CPU.Build.0 = Release|Any CPU
		{A4B7C6D9-87E2-4244-8327-F0290FF3CA6B}.Debug|Any CPU.ActiveCfg = Debug|Any CPU
		{A4B7C6D9-87E2-4244-8327-F0290FF3CA6B}.Debug|Any CPU.Build.0 = Debug|Any CPU
		{A4B7C6D9-87E2-4244-8327-F0290FF3CA6B}.Release|Any CPU.ActiveCfg = Release|Any CPU
		{A4B7C6D9-87E2-4244-8327-F0290FF3CA6B}.Release|Any CPU.Build.0 = Release|Any CPU
	EndGlobalSection
EndGlobal
