
Microsoft Visual Studio Solution File, Format Version 12.00
# Visual Studio 15
Project("{D954291E-2A0B-460D-934E-DC6B0785DB48}") = "HideShowPassword.Shared", "HideShowPassword.Shared\HideShowPassword.Shared.shproj", "{00D7A532-27FF-4E62-A27A-71433FDCEC48}"
EndProject
Project("{FAE04EC0-301F-11D3-BF4B-00C04F79EFBC}") = "HideShowPassword.iOS", "HideShowPassword.iOS\HideShowPassword.iOS.csproj", "{0929FB13-D7C2-42B6-9F9F-D307EE900427}"
EndProject
Project("{5DD5E4FA-CB73-4610-85AB-557B54E96AA9}") = "HideShowPassword.NuGet", "HideShowPassword.NuGet\HideShowPassword.NuGet.nuproj", "{A4B7C6D9-87E2-4244-8327-F0290FF3CA6B}"
EndProject
Project("{2150E333-8FDC-42A3-9474-1A3956D46DE8}") = "Sample", "Sample", "{6AC46267-D1FE-4404-8AF6-E42AA26A326D}"
EndProject
Project("{FAE04EC0-301F-11D3-BF4B-00C04F79EFBC}") = "HideShowPasswordSample", "HideShowPasswordSample\HideShowPasswordSample.csproj", "{B65FC0E0-DAEF-431E-B32D-EA309E100226}"
EndProject
Project("{2150E333-8FDC-42A3-9474-1A3956D46DE8}") = "Solution Items", "Solution Items", "{6D4D04FC-70F9-42BF-9CCE-6B4DCDEC9A30}"
	ProjectSection(SolutionItems) = preProject
		README.md = README.md
	EndProjectSection
EndProject
Global
	GlobalSection(SolutionConfigurationPlatforms) = preSolution
		Debug|Any CPU = Debug|Any CPU
		Release|Any CPU = Release|Any CPU
		Debug|iPhoneSimulator = Debug|iPhoneSimulator
		Release|iPhone = Release|iPhone
		Release|iPhoneSimulator = Release|iPhoneSimulator
		Debug|iPhone = Debug|iPhone
	EndGlobalSection
	GlobalSection(ProjectConfigurationPlatforms) = postSolution
		{0929FB13-D7C2-42B6-9F9F-D307EE900427}.Debug|Any CPU.ActiveCfg = Debug|Any CPU
		{0929FB13-D7C2-42B6-9F9F-D307EE900427}.Debug|Any CPU.Build.0 = Debug|Any CPU
		{0929FB13-D7C2-42B6-9F9F-D307EE900427}.Release|Any CPU.ActiveCfg = Release|Any CPU
		{0929FB13-D7C2-42B6-9F9F-D307EE900427}.Release|Any CPU.Build.0 = Release|Any CPU
		{0929FB13-D7C2-42B6-9F9F-D307EE900427}.Debug|iPhoneSimulator.ActiveCfg = Debug|Any CPU
		{0929FB13-D7C2-42B6-9F9F-D307EE900427}.Debug|iPhoneSimulator.Build.0 = Debug|Any CPU
		{0929FB13-D7C2-42B6-9F9F-D307EE900427}.Release|iPhone.ActiveCfg = Release|Any CPU
		{0929FB13-D7C2-42B6-9F9F-D307EE900427}.Release|iPhone.Build.0 = Release|Any CPU
		{0929FB13-D7C2-42B6-9F9F-D307EE900427}.Release|iPhoneSimulator.ActiveCfg = Release|Any CPU
		{0929FB13-D7C2-42B6-9F9F-D307EE900427}.Release|iPhoneSimulator.Build.0 = Release|Any CPU
		{0929FB13-D7C2-42B6-9F9F-D307EE900427}.Debug|iPhone.ActiveCfg = Debug|Any CPU
		{0929FB13-D7C2-42B6-9F9F-D307EE900427}.Debug|iPhone.Build.0 = Debug|Any CPU
		{A4B7C6D9-87E2-4244-8327-F0290FF3CA6B}.Debug|Any CPU.ActiveCfg = Debug|Any CPU
		{A4B7C6D9-87E2-4244-8327-F0290FF3CA6B}.Debug|Any CPU.Build.0 = Debug|Any CPU
		{A4B7C6D9-87E2-4244-8327-F0290FF3CA6B}.Release|Any CPU.ActiveCfg = Release|Any CPU
		{A4B7C6D9-87E2-4244-8327-F0290FF3CA6B}.Release|Any CPU.Build.0 = Release|Any CPU
		{A4B7C6D9-87E2-4244-8327-F0290FF3CA6B}.Debug|iPhoneSimulator.ActiveCfg = Debug|Any CPU
		{A4B7C6D9-87E2-4244-8327-F0290FF3CA6B}.Debug|iPhoneSimulator.Build.0 = Debug|Any CPU
		{A4B7C6D9-87E2-4244-8327-F0290FF3CA6B}.Release|iPhone.ActiveCfg = Release|Any CPU
		{A4B7C6D9-87E2-4244-8327-F0290FF3CA6B}.Release|iPhone.Build.0 = Release|Any CPU
		{A4B7C6D9-87E2-4244-8327-F0290FF3CA6B}.Release|iPhoneSimulator.ActiveCfg = Release|Any CPU
		{A4B7C6D9-87E2-4244-8327-F0290FF3CA6B}.Release|iPhoneSimulator.Build.0 = Release|Any CPU
		{A4B7C6D9-87E2-4244-8327-F0290FF3CA6B}.Debug|iPhone.ActiveCfg = Debug|Any CPU
		{A4B7C6D9-87E2-4244-8327-F0290FF3CA6B}.Debug|iPhone.Build.0 = Debug|Any CPU
		{B65FC0E0-DAEF-431E-B32D-EA309E100226}.Debug|Any CPU.ActiveCfg = Debug|iPhoneSimulator
		{B65FC0E0-DAEF-431E-B32D-EA309E100226}.Debug|Any CPU.Build.0 = Debug|iPhoneSimulator
		{B65FC0E0-DAEF-431E-B32D-EA309E100226}.Release|Any CPU.ActiveCfg = Release|iPhone
		{B65FC0E0-DAEF-431E-B32D-EA309E100226}.Release|Any CPU.Build.0 = Release|iPhone
		{B65FC0E0-DAEF-431E-B32D-EA309E100226}.Debug|iPhoneSimulator.ActiveCfg = Debug|iPhoneSimulator
		{B65FC0E0-DAEF-431E-B32D-EA309E100226}.Debug|iPhoneSimulator.Build.0 = Debug|iPhoneSimulator
		{B65FC0E0-DAEF-431E-B32D-EA309E100226}.Release|iPhone.ActiveCfg = Release|iPhone
		{B65FC0E0-DAEF-431E-B32D-EA309E100226}.Release|iPhone.Build.0 = Release|iPhone
		{B65FC0E0-DAEF-431E-B32D-EA309E100226}.Release|iPhoneSimulator.ActiveCfg = Release|iPhoneSimulator
		{B65FC0E0-DAEF-431E-B32D-EA309E100226}.Release|iPhoneSimulator.Build.0 = Release|iPhoneSimulator
		{B65FC0E0-DAEF-431E-B32D-EA309E100226}.Debug|iPhone.ActiveCfg = Debug|iPhone
		{B65FC0E0-DAEF-431E-B32D-EA309E100226}.Debug|iPhone.Build.0 = Debug|iPhone
	EndGlobalSection
	GlobalSection(NestedProjects) = preSolution
		{B65FC0E0-DAEF-431E-B32D-EA309E100226} = {6AC46267-D1FE-4404-8AF6-E42AA26A326D}
	EndGlobalSection
	GlobalSection(MonoDevelopProperties) = preSolution
		version = 1.0.1
	EndGlobalSection
EndGlobal
